
Microsoft Visual Studio Solution File, Format Version 12.00
# Visual Studio Version 17
VisualStudioVersion = 17.7.34202.233
MinimumVisualStudioVersion = 10.0.40219.1
Project("{FAE04EC0-301F-11D3-BF4B-00C04F79EFBC}") = "assignement", "assignement.csproj", "{064C700F-8A03-421A-B6C9-15430A9C6F00}"
EndProject
Global
	GlobalSection(SolutionConfigurationPlatforms) = preSolution
		Debug|Any CPU = Debug|Any CPU
		Release|Any CPU = Release|Any CPU
	EndGlobalSection
	GlobalSection(ProjectConfigurationPlatforms) = postSolution
		{064C700F-8A03-421A-B6C9-15430A9C6F00}.Debug|Any CPU.ActiveCfg = Debug|Any CPU
		{064C700F-8A03-421A-B6C9-15430A9C6F00}.Debug|Any CPU.Build.0 = Debug|Any CPU
		{064C700F-8A03-421A-B6C9-15430A9C6F00}.Release|Any CPU.ActiveCfg = Release|Any CPU
		{064C700F-8A03-421A-B6C9-15430A9C6F00}.Release|Any CPU.Build.0 = Release|Any CPU
	EndGlobalSection
	GlobalSection(SolutionProperties) = preSolution
		HideSolutionNode = FALSE
	EndGlobalSection
	GlobalSection(ExtensibilityGlobals) = postSolution
		SolutionGuid = {767207DF-69E4-45E0-B8E3-7F44618E32E5}
	EndGlobalSection
EndGlobal
