
Microsoft Visual Studio Solution File, Format Version 12.00
# Visual Studio Version 17
VisualStudioVersion = 17.7.34202.233
MinimumVisualStudioVersion = 10.0.40219.1
Project("{FAE04EC0-301F-11D3-BF4B-00C04F79EFBC}") = "Day5", "Day5.csproj", "{84994226-4A05-494A-B189-8DC01CC47900}"
EndProject
Global
	GlobalSection(SolutionConfigurationPlatforms) = preSolution
		Debug|Any CPU = Debug|Any CPU
		Release|Any CPU = Release|Any CPU
	EndGlobalSection
	GlobalSection(ProjectConfigurationPlatforms) = postSolution
		{84994226-4A05-494A-B189-8DC01CC47900}.Debug|Any CPU.ActiveCfg = Debug|Any CPU
		{84994226-4A05-494A-B189-8DC01CC47900}.Debug|Any CPU.Build.0 = Debug|Any CPU
		{84994226-4A05-494A-B189-8DC01CC47900}.Release|Any CPU.ActiveCfg = Release|Any CPU
		{84994226-4A05-494A-B189-8DC01CC47900}.Release|Any CPU.Build.0 = Release|Any CPU
	EndGlobalSection
	GlobalSection(SolutionProperties) = preSolution
		HideSolutionNode = FALSE
	EndGlobalSection
	GlobalSection(ExtensibilityGlobals) = postSolution
		SolutionGuid = {C3EF304D-F37E-4578-AF47-6925A85F77FE}
	EndGlobalSection
EndGlobal
