
Microsoft Visual Studio Solution File, Format Version 12.00
# Visual Studio Version 17
VisualStudioVersion = 17.7.34202.233
MinimumVisualStudioVersion = 10.0.40219.1
Project("{FAE04EC0-301F-11D3-BF4B-00C04F79EFBC}") = "exceptionHandling", "exceptionHandling.csproj", "{BDB79897-6254-47E1-882E-EB14C6AE1190}"
EndProject
Global
	GlobalSection(SolutionConfigurationPlatforms) = preSolution
		Debug|Any CPU = Debug|Any CPU
		Release|Any CPU = Release|Any CPU
	EndGlobalSection
	GlobalSection(ProjectConfigurationPlatforms) = postSolution
		{BDB79897-6254-47E1-882E-EB14C6AE1190}.Debug|Any CPU.ActiveCfg = Debug|Any CPU
		{BDB79897-6254-47E1-882E-EB14C6AE1190}.Debug|Any CPU.Build.0 = Debug|Any CPU
		{BDB79897-6254-47E1-882E-EB14C6AE1190}.Release|Any CPU.ActiveCfg = Release|Any CPU
		{BDB79897-6254-47E1-882E-EB14C6AE1190}.Release|Any CPU.Build.0 = Release|Any CPU
	EndGlobalSection
	GlobalSection(SolutionProperties) = preSolution
		HideSolutionNode = FALSE
	EndGlobalSection
	GlobalSection(ExtensibilityGlobals) = postSolution
		SolutionGuid = {829DF3FC-CEE6-42D1-9D57-520EAA628CCE}
	EndGlobalSection
EndGlobal
